{
    "requires": true,
    "lockfileVersion": 1,
    "dependencies": {
        "mwi-laravel-setup": {
            "version": "4.0.3",
            "resolved": "https://registry.npmjs.org/mwi-laravel-setup/-/mwi-laravel-setup-4.0.3.tgz",
            "integrity": "sha512-bQlO3JAh2jtWbuYJlSTCziHrrLcPEglgL8Gb4LW4C3uYBQj0lxi3fQdSwfw+n/IbHHeo3Cah4sGERmtfTOK7VA=="
        }
    }
}
